
Microsoft Visual Studio Solution File, Format Version 12.00
# Visual Studio Version 17
VisualStudioVersion = 17.8.34330.188
MinimumVisualStudioVersion = 10.0.40219.1
Project("{FAE04EC0-301F-11D3-BF4B-00C04F79EFBC}") = "CurlingRinkManagement.Planner", "CurlingRinkManagement.Planner\CurlingRinkManagement.Planner.csproj", "{061528D1-D717-446B-8B5F-62530EDF33CE}"
EndProject
Project("{FAE04EC0-301F-11D3-BF4B-00C04F79EFBC}") = "CurlingRinkManagement.Planner.Domain", "CurlingRinkManagement.Planner.Data\CurlingRinkManagement.Planner.Domain.csproj", "{DDDB1041-3217-4FC9-A6C8-93631E735CEF}"
EndProject
Project("{FAE04EC0-301F-11D3-BF4B-00C04F79EFBC}") = "CurlingRinkManagement.Planner.Business", "CurlingRinkManagement.Planner.Business\CurlingRinkManagement.Planner.Business.csproj", "{6E698C56-0DE0-40C0-B2CE-017D0F448249}"
EndProject
Global
	GlobalSection(SolutionConfigurationPlatforms) = preSolution
		Debug|Any CPU = Debug|Any CPU
		Release|Any CPU = Release|Any CPU
	EndGlobalSection
	GlobalSection(ProjectConfigurationPlatforms) = postSolution
		{061528D1-D717-446B-8B5F-62530EDF33CE}.Debug|Any CPU.ActiveCfg = Debug|Any CPU
		{061528D1-D717-446B-8B5F-62530EDF33CE}.Debug|Any CPU.Build.0 = Debug|Any CPU
		{061528D1-D717-446B-8B5F-62530EDF33CE}.Release|Any CPU.ActiveCfg = Release|Any CPU
		{061528D1-D717-446B-8B5F-62530EDF33CE}.Release|Any CPU.Build.0 = Release|Any CPU
		{DDDB1041-3217-4FC9-A6C8-93631E735CEF}.Debug|Any CPU.ActiveCfg = Debug|Any CPU
		{DDDB1041-3217-4FC9-A6C8-93631E735CEF}.Debug|Any CPU.Build.0 = Debug|Any CPU
		{DDDB1041-3217-4FC9-A6C8-93631E735CEF}.Release|Any CPU.ActiveCfg = Release|Any CPU
		{DDDB1041-3217-4FC9-A6C8-93631E735CEF}.Release|Any CPU.Build.0 = Release|Any CPU
		{6E698C56-0DE0-40C0-B2CE-017D0F448249}.Debug|Any CPU.ActiveCfg = Debug|Any CPU
		{6E698C56-0DE0-40C0-B2CE-017D0F448249}.Debug|Any CPU.Build.0 = Debug|Any CPU
		{6E698C56-0DE0-40C0-B2CE-017D0F448249}.Release|Any CPU.ActiveCfg = Release|Any CPU
		{6E698C56-0DE0-40C0-B2CE-017D0F448249}.Release|Any CPU.Build.0 = Release|Any CPU
	EndGlobalSection
	GlobalSection(SolutionProperties) = preSolution
		HideSolutionNode = FALSE
	EndGlobalSection
	GlobalSection(ExtensibilityGlobals) = postSolution
		SolutionGuid = {861B5054-750B-454D-AAD6-E3DD226037EC}
	EndGlobalSection
EndGlobal
